<?xml version="1.0" encoding="utf-8"?>
<Project ToolsVersion="15.0" xmlns="http://schemas.microsoft.com/developer/msbuild/2003">
  <ItemGroup>
    <ClCompile Include="ModelH3D.cpp">
      <Filter>Source Files</Filter>
    </ClCompile>
    <ClCompile Include="SponzaRenderer.cpp">
      <Filter>Source Files</Filter>
    </ClCompile>
    <ClCompile Include="Renderer.cpp">
      <Filter>Source Files</Filter>
    </ClCompile>
    <ClCompile Include="TextureConvert.cpp">
      <Filter>Source Files</Filter>
    </ClCompile>
    <ClCompile Include="ParticleEffects.cpp">
      <Filter>Source Files</Filter>
    </ClCompile>
    <ClCompile Include="MeshConvert.cpp">
      <Filter>Source Files</Filter>
    </ClCompile>
    <ClCompile Include="ModelConvert.cpp">
      <Filter>Source Files</Filter>
    </ClCompile>
    <ClCompile Include="ModelLoader.cpp">
      <Filter>Source Files</Filter>
    </ClCompile>
    <ClCompile Include="glTF.cpp">
      <Filter>Source Files</Filter>
    </ClCompile>
    <ClCompile Include="IndexOptimizePostTransform.cpp">
      <Filter>Source Files</Filter>
    </ClCompile>
    <ClCompile Include="Model.cpp">
      <Filter>Source Files</Filter>
    </ClCompile>
    <ClCompile Include="BuildH3D.cpp">
      <Filter>Source Files</Filter>
    </ClCompile>
    <ClCompile Include="LightManager.cpp">
      <Filter>Source Files</Filter>
    </ClCompile>
    <ClCompile Include="Animation.cpp">
      <Filter>Source Files</Filter>
    </ClCompile>
  </ItemGroup>
  <ItemGroup>
    <Filter Include="Source Files">
      <UniqueIdentifier>{3e74f37f-1e1e-47ed-9c44-213389384278}</UniqueIdentifier>
    </Filter>
    <Filter Include="Shaders">
      <UniqueIdentifier>{9169b7c9-f1a7-41d4-9098-58de36da850c}</UniqueIdentifier>
    </Filter>
    <Filter Include="Shaders\Fill Light Grid">
      <UniqueIdentifier>{e48a48bc-ab40-4066-a01f-e175c3448c32}</UniqueIdentifier>
    </Filter>
    <Filter Include="Shaders\Fill Light Cluster">
      <UniqueIdentifier>{8073f4ae-3b15-4b2d-9bb2-9a68e61a499e}</UniqueIdentifier>
    </Filter>
    <Filter Include="Shaders\Killzone GBuffer">
      <UniqueIdentifier>{be712471-a616-4f60-b48f-64789e099377}</UniqueIdentifier>
    </Filter>
    <Filter Include="Shaders\Killzone Intel">
      <UniqueIdentifier>{f4ff4ca7-9cd3-4a99-bd6d-8eadf3165dcf}</UniqueIdentifier>
    </Filter>
    <Filter Include="Shaders\Killzone DICE">
      <UniqueIdentifier>{b502137c-f2ac-4ba5-853c-99f8c5ffb308}</UniqueIdentifier>
    </Filter>
    <Filter Include="Shaders\Killzone DICE\2.5D AABB">
      <UniqueIdentifier>{82852596-31a2-4b77-b07b-639433342e1d}</UniqueIdentifier>
    </Filter>
    <Filter Include="Shaders\Killzone DICE\2.5D">
      <UniqueIdentifier>{35cd53be-ac9c-4a8d-a39f-5c9c10e43c3b}</UniqueIdentifier>
    </Filter>
    <Filter Include="Shaders\ModelViewer">
      <UniqueIdentifier>{0acf09be-1877-4346-bdd9-c58f361aaf74}</UniqueIdentifier>
    </Filter>
    <Filter Include="Shaders\ModelViewer\Tiled">
      <UniqueIdentifier>{c0c3b3a6-cb06-4971-9148-040e1788e8aa}</UniqueIdentifier>
    </Filter>
    <Filter Include="Shaders\ModelViewer\Clustered">
      <UniqueIdentifier>{907beab3-b033-4de6-8c1d-909f83c3673b}</UniqueIdentifier>
    </Filter>
    <Filter Include="Shaders\ModelViewer\Default">
      <UniqueIdentifier>{ac44e0ca-3b5e-4952-9584-7afe6be138cf}</UniqueIdentifier>
    </Filter>
    <Filter Include="Shaders\Killzone GBuffer\Tiled">
      <UniqueIdentifier>{256785ae-fe04-4412-b10a-0e3f3e2f821b}</UniqueIdentifier>
    </Filter>
    <Filter Include="Shaders\Killzone GBuffer\Clustered">
      <UniqueIdentifier>{d1ade0b7-8b09-4a2e-aeab-8e6abe287a71}</UniqueIdentifier>
    </Filter>
    <Filter Include="Shaders\Killzone GBuffer\Default">
      <UniqueIdentifier>{9bd02c0d-0f3c-44aa-a125-aee50b317530}</UniqueIdentifier>
    </Filter>
    <Filter Include="Shaders\Thin GBuffer">
      <UniqueIdentifier>{e4cdba17-7f2f-40b0-ad64-9e7630cfde9a}</UniqueIdentifier>
    </Filter>
    <Filter Include="Shaders\Thin GBuffer\Tiled">
      <UniqueIdentifier>{d285314e-253f-4ca7-bc6c-3155246ce1df}</UniqueIdentifier>
    </Filter>
    <Filter Include="Shaders\Thin GBuffer\Tiled\DICE">
      <UniqueIdentifier>{ed155c38-6475-4bcf-a45d-aa3dcd87018e}</UniqueIdentifier>
    </Filter>
    <Filter Include="Shaders\Thin GBuffer\Tiled\DICE\Default">
      <UniqueIdentifier>{7fab55ed-f8cc-469a-a020-86168f75d860}</UniqueIdentifier>
    </Filter>
    <Filter Include="Shaders\Thin GBuffer\Tiled\DICE\2.5D Culling">
      <UniqueIdentifier>{6b0d487a-cdc8-49bb-8bf7-9bbba324dd66}</UniqueIdentifier>
    </Filter>
    <Filter Include="Shaders\Thin GBuffer\Tiled\DICE\2.5D AABB Culling">
      <UniqueIdentifier>{7fd7484d-2be7-48d6-b9e3-220bc89dbc8c}</UniqueIdentifier>
    </Filter>
    <Filter Include="Shaders\Thin GBuffer\Tiled\Intel">
      <UniqueIdentifier>{aa5af81a-5620-47ab-bad2-980d053f0716}</UniqueIdentifier>
    </Filter>
    <Filter Include="Shaders\Thin GBuffer\Tiled\Default">
      <UniqueIdentifier>{5944f5ee-3546-47f4-9159-3faa5bf05cec}</UniqueIdentifier>
    </Filter>
    <Filter Include="Shaders\Thin GBuffer\Default">
      <UniqueIdentifier>{76ea3836-3712-4445-ac26-0ace04878ee2}</UniqueIdentifier>
    </Filter>
    <Filter Include="Shaders\Thin GBuffer\Clustered">
      <UniqueIdentifier>{47e36bde-2aa2-4e41-8a9c-45608badbe98}</UniqueIdentifier>
    </Filter>
  </ItemGroup>
  <ItemGroup>
    <ClInclude Include="SponzaRenderer.h">
      <Filter>Source Files</Filter>
    </ClInclude>
    <ClInclude Include="Renderer.h">
      <Filter>Source Files</Filter>
    </ClInclude>
    <ClInclude Include="TextureConvert.h">
      <Filter>Source Files</Filter>
    </ClInclude>
    <ClInclude Include="json.hpp">
      <Filter>Source Files</Filter>
    </ClInclude>
    <ClInclude Include="ParticleEffects.h">
      <Filter>Source Files</Filter>
    </ClInclude>
    <ClInclude Include="MeshConvert.h">
      <Filter>Source Files</Filter>
    </ClInclude>
    <ClInclude Include="ConstantBuffers.h">
      <Filter>Source Files</Filter>
    </ClInclude>
    <ClInclude Include="glTF.h">
      <Filter>Source Files</Filter>
    </ClInclude>
    <ClInclude Include="IndexOptimizePostTransform.h">
      <Filter>Source Files</Filter>
    </ClInclude>
    <ClInclude Include="ModelH3D.h">
      <Filter>Source Files</Filter>
    </ClInclude>
    <ClInclude Include="Model.h">
      <Filter>Source Files</Filter>
    </ClInclude>
    <ClInclude Include="ModelLoader.h">
      <Filter>Source Files</Filter>
    </ClInclude>
    <ClInclude Include="LightManager.h">
      <Filter>Source Files</Filter>
    </ClInclude>
    <ClInclude Include="Animation.h">
      <Filter>Source Files</Filter>
    </ClInclude>
  </ItemGroup>
  <ItemGroup>
    <None Include="Shaders\Common.hlsli">
      <Filter>Shaders</Filter>
    </None>
    <None Include="Shaders\LightGrid.hlsli">
      <Filter>Shaders</Filter>
    </None>
    <None Include="Shaders\Lighting.hlsli">
      <Filter>Shaders</Filter>
    </None>
    <None Include="packages.config" />
    <None Include="Shaders\LightingClustered.hlsli">
      <Filter>Shaders</Filter>
    </None>
    <None Include="Shaders\FillLightClusterCS.hlsli">
      <Filter>Shaders\Fill Light Cluster</Filter>
    </None>
    <None Include="Shaders\FillLightGridCS.hlsli">
      <Filter>Shaders\Fill Light Grid</Filter>
    </None>
    <None Include="Shaders\KillzoneIntelLightGridCS.hlsli">
      <Filter>Shaders\Killzone Intel</Filter>
    </None>
    <None Include="Shaders\KillzoneLightGridCS.hlsli">
      <Filter>Shaders\Killzone DICE</Filter>
    </None>
    <None Include="Shaders\FillLightClusterAABBCS.hlsli">
      <Filter>Shaders\Fill Light Cluster</Filter>
    </None>
    <None Include="Shaders\LightingDefault.hlsli">
      <Filter>Shaders</Filter>
    </None>
    <None Include="Shaders\ThinGBufferTiledDiceCS.hlsli">
      <Filter>Shaders\Thin GBuffer\Tiled\DICE</Filter>
    </None>
    <None Include="Shaders\ThinGBufferTiledIntelCS.hlsli">
      <Filter>Shaders\Thin GBuffer\Tiled\Intel</Filter>
    </None>
  </ItemGroup>
  <ItemGroup>
    <FxCompile Include="Shaders\DefaultVS.hlsl">
      <Filter>Shaders</Filter>
    </FxCompile>
    <FxCompile Include="Shaders\SkyboxPS.hlsl">
      <Filter>Shaders</Filter>
    </FxCompile>
    <FxCompile Include="Shaders\SkyboxVS.hlsl">
      <Filter>Shaders</Filter>
    </FxCompile>
    <FxCompile Include="Shaders\DepthViewerPS.hlsl">
      <Filter>Shaders</Filter>
    </FxCompile>
    <FxCompile Include="Shaders\DepthViewerVS.hlsl">
      <Filter>Shaders</Filter>
    </FxCompile>
    <FxCompile Include="Shaders\CutoutDepthVS.hlsl">
      <Filter>Shaders</Filter>
    </FxCompile>
    <FxCompile Include="Shaders\DepthOnlyVS.hlsl">
      <Filter>Shaders</Filter>
    </FxCompile>
    <FxCompile Include="Shaders\CutoutDepthPS.hlsl">
      <Filter>Shaders</Filter>
    </FxCompile>
    <FxCompile Include="Shaders\DefaultNoTangentNoUV1PS.hlsl">
      <Filter>Shaders</Filter>
    </FxCompile>
    <FxCompile Include="Shaders\DefaultNoTangentNoUV1VS.hlsl">
      <Filter>Shaders</Filter>
    </FxCompile>
    <FxCompile Include="Shaders\DefaultNoTangentPS.hlsl">
      <Filter>Shaders</Filter>
    </FxCompile>
    <FxCompile Include="Shaders\DefaultNoTangentVS.hlsl">
      <Filter>Shaders</Filter>
    </FxCompile>
    <FxCompile Include="Shaders\DefaultNoUV1PS.hlsl">
      <Filter>Shaders</Filter>
    </FxCompile>
    <FxCompile Include="Shaders\DefaultNoUV1VS.hlsl">
      <Filter>Shaders</Filter>
    </FxCompile>
    <FxCompile Include="Shaders\DefaultPS.hlsl">
      <Filter>Shaders</Filter>
    </FxCompile>
    <FxCompile Include="Shaders\CutoutDepthSkinVS.hlsl">
      <Filter>Shaders</Filter>
    </FxCompile>
    <FxCompile Include="Shaders\DefaultSkinVS.hlsl">
      <Filter>Shaders</Filter>
    </FxCompile>
    <FxCompile Include="Shaders\DepthOnlySkinVS.hlsl">
      <Filter>Shaders</Filter>
    </FxCompile>
    <FxCompile Include="Shaders\DefaultNoTangentNoUV1SkinVS.hlsl">
      <Filter>Shaders</Filter>
    </FxCompile>
    <FxCompile Include="Shaders\DefaultNoTangentSkinVS.hlsl">
      <Filter>Shaders</Filter>
    </FxCompile>
    <FxCompile Include="Shaders\DefaultNoUV1SkinVS.hlsl">
      <Filter>Shaders</Filter>
    </FxCompile>
    <FxCompile Include="Shaders\GBufferGlossPS.hlsl">
      <Filter>Shaders</Filter>
    </FxCompile>
    <FxCompile Include="Shaders\GBufferLightPS.hlsl">
      <Filter>Shaders</Filter>
    </FxCompile>
    <FxCompile Include="Shaders\GBufferLightVS.hlsl">
      <Filter>Shaders</Filter>
    </FxCompile>
    <FxCompile Include="Shaders\GBufferNormalPS.hlsl">
      <Filter>Shaders</Filter>
    </FxCompile>
    <FxCompile Include="Shaders\GBufferSpecularPS.hlsl">
      <Filter>Shaders</Filter>
    </FxCompile>
    <FxCompile Include="Shaders\GBufferWorldPosPS.hlsl">
      <Filter>Shaders</Filter>
    </FxCompile>
    <FxCompile Include="Shaders\DeferredPS.hlsl">
      <Filter>Shaders</Filter>
    </FxCompile>
    <FxCompile Include="Shaders\GBufferAlbedoPS.hlsl">
      <Filter>Shaders</Filter>
    </FxCompile>
    <FxCompile Include="Shaders\GBufferDepthPS.hlsl">
      <Filter>Shaders</Filter>
    </FxCompile>
    <FxCompile Include="Shaders\FillLight2_5DAABBGridCS_8.hlsl">
      <Filter>Shaders\Fill Light Grid</Filter>
    </FxCompile>
    <FxCompile Include="Shaders\FillLight2_5DAABBGridCS_16.hlsl">
      <Filter>Shaders\Fill Light Grid</Filter>
    </FxCompile>
    <FxCompile Include="Shaders\FillLight2_5DAABBGridCS_24.hlsl">
      <Filter>Shaders\Fill Light Grid</Filter>
    </FxCompile>
    <FxCompile Include="Shaders\FillLight2_5DAABBGridCS_32.hlsl">
      <Filter>Shaders\Fill Light Grid</Filter>
    </FxCompile>
    <FxCompile Include="Shaders\FillLight2_5DGridCS_8.hlsl">
      <Filter>Shaders\Fill Light Grid</Filter>
    </FxCompile>
    <FxCompile Include="Shaders\FillLight2_5DGridCS_16.hlsl">
      <Filter>Shaders\Fill Light Grid</Filter>
    </FxCompile>
    <FxCompile Include="Shaders\FillLight2_5DGridCS_24.hlsl">
      <Filter>Shaders\Fill Light Grid</Filter>
    </FxCompile>
    <FxCompile Include="Shaders\FillLight2_5DGridCS_32.hlsl">
      <Filter>Shaders\Fill Light Grid</Filter>
    </FxCompile>
    <FxCompile Include="Shaders\FillLightClusterCS_8_8.hlsl">
      <Filter>Shaders\Fill Light Cluster</Filter>
    </FxCompile>
    <FxCompile Include="Shaders\FillLightClusterCS_16_16.hlsl">
      <Filter>Shaders\Fill Light Cluster</Filter>
    </FxCompile>
    <FxCompile Include="Shaders\FillLightClusterCS_24_16.hlsl">
      <Filter>Shaders\Fill Light Cluster</Filter>
    </FxCompile>
    <FxCompile Include="Shaders\FillLightClusterCS_32_16.hlsl">
      <Filter>Shaders\Fill Light Cluster</Filter>
    </FxCompile>
    <FxCompile Include="Shaders\FillLightClusterCS_32_32.hlsl">
      <Filter>Shaders\Fill Light Cluster</Filter>
    </FxCompile>
    <FxCompile Include="Shaders\FillLightClusterCS_64_16.hlsl">
      <Filter>Shaders\Fill Light Cluster</Filter>
    </FxCompile>
    <FxCompile Include="Shaders\FillLightClusterCS_64_32.hlsl">
      <Filter>Shaders\Fill Light Cluster</Filter>
    </FxCompile>
    <FxCompile Include="Shaders\FillLightGridCS_8.hlsl">
      <Filter>Shaders\Fill Light Grid</Filter>
    </FxCompile>
    <FxCompile Include="Shaders\FillLightGridCS_16.hlsl">
      <Filter>Shaders\Fill Light Grid</Filter>
    </FxCompile>
    <FxCompile Include="Shaders\FillLightGridCS_24.hlsl">
      <Filter>Shaders\Fill Light Grid</Filter>
    </FxCompile>
    <FxCompile Include="Shaders\FillLightGridCS_32.hlsl">
      <Filter>Shaders\Fill Light Grid</Filter>
    </FxCompile>
    <FxCompile Include="Shaders\KillzoneDeferredPS.hlsl">
      <Filter>Shaders\Killzone GBuffer</Filter>
    </FxCompile>
    <FxCompile Include="Shaders\KillzoneIntelLightGridCS_8.hlsl">
      <Filter>Shaders\Killzone Intel</Filter>
    </FxCompile>
    <FxCompile Include="Shaders\KillzoneIntelLightGridCS_16.hlsl">
      <Filter>Shaders\Killzone Intel</Filter>
    </FxCompile>
    <FxCompile Include="Shaders\KillzoneIntelLightGridCS_24.hlsl">
      <Filter>Shaders\Killzone Intel</Filter>
    </FxCompile>
    <FxCompile Include="Shaders\KillzoneIntelLightGridCS_32.hlsl">
      <Filter>Shaders\Killzone Intel</Filter>
    </FxCompile>
    <FxCompile Include="Shaders\KillzoneIntelLightGridDensityCS_8.hlsl">
      <Filter>Shaders\Killzone Intel</Filter>
    </FxCompile>
    <FxCompile Include="Shaders\KillzoneIntelLightGridDensityCS_16.hlsl">
      <Filter>Shaders\Killzone Intel</Filter>
    </FxCompile>
    <FxCompile Include="Shaders\KillzoneIntelLightGridDensityCS_24.hlsl">
      <Filter>Shaders\Killzone Intel</Filter>
    </FxCompile>
    <FxCompile Include="Shaders\KillzoneIntelLightGridDensityCS_32.hlsl">
      <Filter>Shaders\Killzone Intel</Filter>
    </FxCompile>
    <FxCompile Include="Shaders\KillzoneIntelLightGridFPRCS_8.hlsl">
      <Filter>Shaders\Killzone Intel</Filter>
    </FxCompile>
    <FxCompile Include="Shaders\KillzoneIntelLightGridFPRCS_16.hlsl">
      <Filter>Shaders\Killzone Intel</Filter>
    </FxCompile>
    <FxCompile Include="Shaders\KillzoneIntelLightGridFPRCS_24.hlsl">
      <Filter>Shaders\Killzone Intel</Filter>
    </FxCompile>
    <FxCompile Include="Shaders\KillzoneIntelLightGridFPRCS_32.hlsl">
      <Filter>Shaders\Killzone Intel</Filter>
    </FxCompile>
    <FxCompile Include="Shaders\KillzoneLightGridCS_8.hlsl">
      <Filter>Shaders\Killzone DICE</Filter>
    </FxCompile>
    <FxCompile Include="Shaders\KillzoneLightGridCS_16.hlsl">
      <Filter>Shaders\Killzone DICE</Filter>
    </FxCompile>
    <FxCompile Include="Shaders\KillzoneLightGridCS_24.hlsl">
      <Filter>Shaders\Killzone DICE</Filter>
    </FxCompile>
    <FxCompile Include="Shaders\KillzoneLightGridCS_32.hlsl">
      <Filter>Shaders\Killzone DICE</Filter>
    </FxCompile>
    <FxCompile Include="Shaders\KillzoneLightGridDensityCS_8.hlsl">
      <Filter>Shaders\Killzone DICE</Filter>
    </FxCompile>
    <FxCompile Include="Shaders\KillzoneLightGridDensityCS_16.hlsl">
      <Filter>Shaders\Killzone DICE</Filter>
    </FxCompile>
    <FxCompile Include="Shaders\KillzoneLightGridDensityCS_24.hlsl">
      <Filter>Shaders\Killzone DICE</Filter>
    </FxCompile>
    <FxCompile Include="Shaders\KillzoneLightGridDensityCS_32.hlsl">
      <Filter>Shaders\Killzone DICE</Filter>
    </FxCompile>
    <FxCompile Include="Shaders\KillzoneLightGridFPRCS_8.hlsl">
      <Filter>Shaders\Killzone DICE</Filter>
    </FxCompile>
    <FxCompile Include="Shaders\KillzoneLightGridFPRCS_16.hlsl">
      <Filter>Shaders\Killzone DICE</Filter>
    </FxCompile>
    <FxCompile Include="Shaders\KillzoneLightGridFPRCS_24.hlsl">
      <Filter>Shaders\Killzone DICE</Filter>
    </FxCompile>
    <FxCompile Include="Shaders\KillzoneLightGridFPRCS_32.hlsl">
      <Filter>Shaders\Killzone DICE</Filter>
    </FxCompile>
    <FxCompile Include="Shaders\KillzoneLightAABBCullingGridCS_8.hlsl">
      <Filter>Shaders\Killzone DICE\2.5D AABB</Filter>
    </FxCompile>
    <FxCompile Include="Shaders\KillzoneLightAABBCullingGridCS_16.hlsl">
      <Filter>Shaders\Killzone DICE\2.5D AABB</Filter>
    </FxCompile>
    <FxCompile Include="Shaders\KillzoneLightAABBCullingGridCS_24.hlsl">
      <Filter>Shaders\Killzone DICE\2.5D AABB</Filter>
    </FxCompile>
    <FxCompile Include="Shaders\KillzoneLightAABBCullingGridCS_32.hlsl">
      <Filter>Shaders\Killzone DICE\2.5D AABB</Filter>
    </FxCompile>
    <FxCompile Include="Shaders\KillzoneLightAABBCullingGridDensityCS_8.hlsl">
      <Filter>Shaders\Killzone DICE\2.5D AABB</Filter>
    </FxCompile>
    <FxCompile Include="Shaders\KillzoneLightAABBCullingGridDensityCS_16.hlsl">
      <Filter>Shaders\Killzone DICE\2.5D AABB</Filter>
    </FxCompile>
    <FxCompile Include="Shaders\KillzoneLightAABBCullingGridDensityCS_24.hlsl">
      <Filter>Shaders\Killzone DICE\2.5D AABB</Filter>
    </FxCompile>
    <FxCompile Include="Shaders\KillzoneLightAABBCullingGridDensityCS_32.hlsl">
      <Filter>Shaders\Killzone DICE\2.5D AABB</Filter>
    </FxCompile>
    <FxCompile Include="Shaders\KillzoneLightAABBCullingGridFPRCS_8.hlsl">
      <Filter>Shaders\Killzone DICE\2.5D AABB</Filter>
    </FxCompile>
    <FxCompile Include="Shaders\KillzoneLightAABBCullingGridFPRCS_16.hlsl">
      <Filter>Shaders\Killzone DICE\2.5D AABB</Filter>
    </FxCompile>
    <FxCompile Include="Shaders\KillzoneLightAABBCullingGridFPRCS_24.hlsl">
      <Filter>Shaders\Killzone DICE\2.5D AABB</Filter>
    </FxCompile>
    <FxCompile Include="Shaders\KillzoneLightAABBCullingGridFPRCS_32.hlsl">
      <Filter>Shaders\Killzone DICE\2.5D AABB</Filter>
    </FxCompile>
    <FxCompile Include="Shaders\KillzoneLightCullingGridCS_8.hlsl">
      <Filter>Shaders\Killzone DICE\2.5D</Filter>
    </FxCompile>
    <FxCompile Include="Shaders\KillzoneLightCullingGridCS_16.hlsl">
      <Filter>Shaders\Killzone DICE\2.5D</Filter>
    </FxCompile>
    <FxCompile Include="Shaders\KillzoneLightCullingGridCS_24.hlsl">
      <Filter>Shaders\Killzone DICE\2.5D</Filter>
    </FxCompile>
    <FxCompile Include="Shaders\KillzoneLightCullingGridCS_32.hlsl">
      <Filter>Shaders\Killzone DICE\2.5D</Filter>
    </FxCompile>
    <FxCompile Include="Shaders\KillzoneLightCullingGridDensityCS_8.hlsl">
      <Filter>Shaders\Killzone DICE\2.5D</Filter>
    </FxCompile>
    <FxCompile Include="Shaders\KillzoneLightCullingGridDensityCS_16.hlsl">
      <Filter>Shaders\Killzone DICE\2.5D</Filter>
    </FxCompile>
    <FxCompile Include="Shaders\KillzoneLightCullingGridDensityCS_24.hlsl">
      <Filter>Shaders\Killzone DICE\2.5D</Filter>
    </FxCompile>
    <FxCompile Include="Shaders\KillzoneLightCullingGridDensityCS_32.hlsl">
      <Filter>Shaders\Killzone DICE\2.5D</Filter>
    </FxCompile>
    <FxCompile Include="Shaders\KillzoneLightCullingGridFPRCS_8.hlsl">
      <Filter>Shaders\Killzone DICE\2.5D</Filter>
    </FxCompile>
    <FxCompile Include="Shaders\KillzoneLightCullingGridFPRCS_16.hlsl">
      <Filter>Shaders\Killzone DICE\2.5D</Filter>
    </FxCompile>
    <FxCompile Include="Shaders\KillzoneLightCullingGridFPRCS_24.hlsl">
      <Filter>Shaders\Killzone DICE\2.5D</Filter>
    </FxCompile>
    <FxCompile Include="Shaders\KillzoneLightCullingGridFPRCS_32.hlsl">
      <Filter>Shaders\Killzone DICE\2.5D</Filter>
    </FxCompile>
    <FxCompile Include="Shaders\FillLightClusterAABBCS_8_8.hlsl">
      <Filter>Shaders\Fill Light Cluster</Filter>
    </FxCompile>
    <FxCompile Include="Shaders\FillLightClusterAABBCS_16_16.hlsl">
      <Filter>Shaders\Fill Light Cluster</Filter>
    </FxCompile>
    <FxCompile Include="Shaders\FillLightClusterAABBCS_24_16.hlsl">
      <Filter>Shaders\Fill Light Cluster</Filter>
    </FxCompile>
    <FxCompile Include="Shaders\FillLightClusterAABBCS_32_16.hlsl">
      <Filter>Shaders\Fill Light Cluster</Filter>
    </FxCompile>
    <FxCompile Include="Shaders\FillLightClusterAABBCS_32_32.hlsl">
      <Filter>Shaders\Fill Light Cluster</Filter>
    </FxCompile>
    <FxCompile Include="Shaders\FillLightClusterAABBCS_64_16.hlsl">
      <Filter>Shaders\Fill Light Cluster</Filter>
    </FxCompile>
    <FxCompile Include="Shaders\FillLightClusterAABBCS_64_32.hlsl">
      <Filter>Shaders\Fill Light Cluster</Filter>
    </FxCompile>
    <FxCompile Include="Shaders\ModelViewerWorldPosPS.hlsl">
      <Filter>Shaders\ModelViewer\Tiled</Filter>
    </FxCompile>
    <FxCompile Include="Shaders\ModelViewerDiffuseAlbedoPS.hlsl">
      <Filter>Shaders\ModelViewer\Tiled</Filter>
    </FxCompile>
    <FxCompile Include="Shaders\ModelViewerGlossPS.hlsl">
      <Filter>Shaders\ModelViewer\Tiled</Filter>
    </FxCompile>
    <FxCompile Include="Shaders\ModelViewerNormalPS.hlsl">
      <Filter>Shaders\ModelViewer\Tiled</Filter>
    </FxCompile>
    <FxCompile Include="Shaders\ModelViewerSpecularIntensityPS.hlsl">
      <Filter>Shaders\ModelViewer\Tiled</Filter>
    </FxCompile>
    <FxCompile Include="Shaders\ModelViewerTiledDensityPS.hlsl">
      <Filter>Shaders\ModelViewer\Tiled</Filter>
    </FxCompile>
    <FxCompile Include="Shaders\ModelViewerTiledFPRPS.hlsl">
      <Filter>Shaders\ModelViewer\Tiled</Filter>
    </FxCompile>
    <FxCompile Include="Shaders\ModelViewerTiledPS.hlsl">
      <Filter>Shaders\ModelViewer\Tiled</Filter>
    </FxCompile>
    <FxCompile Include="Shaders\ModelViewerClusteredDensityPS.hlsl">
      <Filter>Shaders\ModelViewer\Clustered</Filter>
    </FxCompile>
    <FxCompile Include="Shaders\ModelViewerClusteredFPRPS.hlsl">
      <Filter>Shaders\ModelViewer\Clustered</Filter>
    </FxCompile>
    <FxCompile Include="Shaders\ModelViewerClusteredPS.hlsl">
      <Filter>Shaders\ModelViewer\Clustered</Filter>
    </FxCompile>
    <FxCompile Include="Shaders\ModelViewerClusteredDiffuseAlbedoPS.hlsl">
      <Filter>Shaders\ModelViewer\Clustered</Filter>
    </FxCompile>
    <FxCompile Include="Shaders\ModelViewerClusteredNormalPS.hlsl">
      <Filter>Shaders\ModelViewer\Clustered</Filter>
    </FxCompile>
    <FxCompile Include="Shaders\ModelViewerClusteredSpecularIntensityPS.hlsl">
      <Filter>Shaders\ModelViewer\Clustered</Filter>
    </FxCompile>
    <FxCompile Include="Shaders\ModelViewerClusteredWorldPosPS.hlsl">
      <Filter>Shaders\ModelViewer\Clustered</Filter>
    </FxCompile>
    <FxCompile Include="Shaders\ModelViewerClusteredGlossPS.hlsl">
      <Filter>Shaders\ModelViewer\Clustered</Filter>
    </FxCompile>
    <FxCompile Include="Shaders\ModelViewerForwardDensityPS.hlsl">
      <Filter>Shaders\ModelViewer\Default</Filter>
    </FxCompile>
    <FxCompile Include="Shaders\ModelViewerForwardDiffuseAlbedoPS.hlsl">
      <Filter>Shaders\ModelViewer\Default</Filter>
    </FxCompile>
    <FxCompile Include="Shaders\ModelViewerForwardFPRPS.hlsl">
      <Filter>Shaders\ModelViewer\Default</Filter>
    </FxCompile>
    <FxCompile Include="Shaders\ModelViewerForwardGlossPS.hlsl">
      <Filter>Shaders\ModelViewer\Default</Filter>
    </FxCompile>
    <FxCompile Include="Shaders\ModelViewerForwardNormalPS.hlsl">
      <Filter>Shaders\ModelViewer\Default</Filter>
    </FxCompile>
    <FxCompile Include="Shaders\ModelViewerForwardPS.hlsl">
      <Filter>Shaders\ModelViewer\Default</Filter>
    </FxCompile>
    <FxCompile Include="Shaders\ModelViewerForwardSpecularIntensityPS.hlsl">
      <Filter>Shaders\ModelViewer\Default</Filter>
    </FxCompile>
    <FxCompile Include="Shaders\ModelViewerForwardWorldPosPS.hlsl">
      <Filter>Shaders\ModelViewer\Default</Filter>
    </FxCompile>
    <FxCompile Include="Shaders\KillzoneGBufferDepthClusteredPS.hlsl">
      <Filter>Shaders\Killzone GBuffer\Clustered</Filter>
    </FxCompile>
    <FxCompile Include="Shaders\KillzoneGBufferDepthPS.hlsl">
      <Filter>Shaders\Killzone GBuffer\Tiled</Filter>
    </FxCompile>
    <FxCompile Include="Shaders\KillzoneGBufferDiffuseAlbedoClusteredPS.hlsl">
      <Filter>Shaders\Killzone GBuffer\Clustered</Filter>
    </FxCompile>
    <FxCompile Include="Shaders\KillzoneGBufferDiffuseAlbedoPS.hlsl">
      <Filter>Shaders\Killzone GBuffer\Tiled</Filter>
    </FxCompile>
    <FxCompile Include="Shaders\KillzoneGBufferGlossClusteredPS.hlsl">
      <Filter>Shaders\Killzone GBuffer\Clustered</Filter>
    </FxCompile>
    <FxCompile Include="Shaders\KillzoneGBufferGlossPS.hlsl">
      <Filter>Shaders\Killzone GBuffer\Tiled</Filter>
    </FxCompile>
    <FxCompile Include="Shaders\KillzoneGBufferLightAccumulationPS.hlsl">
      <Filter>Shaders\Killzone GBuffer\Tiled</Filter>
    </FxCompile>
    <FxCompile Include="Shaders\KillzoneGBufferLightTiledDensityPS.hlsl">
      <Filter>Shaders\Killzone GBuffer\Tiled</Filter>
    </FxCompile>
    <FxCompile Include="Shaders\KillzoneGBufferLightTiledFPRPS.hlsl">
      <Filter>Shaders\Killzone GBuffer\Tiled</Filter>
    </FxCompile>
    <FxCompile Include="Shaders\KillzoneGBufferLightTiledPS.hlsl">
      <Filter>Shaders\Killzone GBuffer\Tiled</Filter>
    </FxCompile>
    <FxCompile Include="Shaders\KillzoneGBufferMotionVectorPS.hlsl">
      <Filter>Shaders\Killzone GBuffer\Tiled</Filter>
    </FxCompile>
    <FxCompile Include="Shaders\KillzoneGBufferNormalPS.hlsl">
      <Filter>Shaders\Killzone GBuffer\Tiled</Filter>
    </FxCompile>
    <FxCompile Include="Shaders\KillzoneGBufferSpecularIntensityPS.hlsl">
      <Filter>Shaders\Killzone GBuffer\Tiled</Filter>
    </FxCompile>
    <FxCompile Include="Shaders\KillzoneGBufferSunOcclusionPS.hlsl">
      <Filter>Shaders\Killzone GBuffer\Tiled</Filter>
    </FxCompile>
    <FxCompile Include="Shaders\KillzoneGBufferLightAccumulationClusteredPS.hlsl">
      <Filter>Shaders\Killzone GBuffer\Clustered</Filter>
    </FxCompile>
    <FxCompile Include="Shaders\KillzoneGBufferLightClusteredDensityPS.hlsl">
      <Filter>Shaders\Killzone GBuffer\Clustered</Filter>
    </FxCompile>
    <FxCompile Include="Shaders\KillzoneGBufferLightClusteredFPRPS.hlsl">
      <Filter>Shaders\Killzone GBuffer\Clustered</Filter>
    </FxCompile>
    <FxCompile Include="Shaders\KillzoneGBufferLightClusteredPS.hlsl">
      <Filter>Shaders\Killzone GBuffer\Clustered</Filter>
    </FxCompile>
    <FxCompile Include="Shaders\KillzoneGBufferMotionVectorClusteredPS.hlsl">
      <Filter>Shaders\Killzone GBuffer\Clustered</Filter>
    </FxCompile>
    <FxCompile Include="Shaders\KillzoneGBufferNormalClusteredPS.hlsl">
      <Filter>Shaders\Killzone GBuffer\Clustered</Filter>
    </FxCompile>
    <FxCompile Include="Shaders\KillzoneGBufferSpecularIntensityClusteredPS.hlsl">
      <Filter>Shaders\Killzone GBuffer\Clustered</Filter>
    </FxCompile>
    <FxCompile Include="Shaders\KillzoneGBufferSunOcclusionClusteredPS.hlsl">
      <Filter>Shaders\Killzone GBuffer\Clustered</Filter>
    </FxCompile>
    <FxCompile Include="Shaders\KillzoneGBufferDefaultDepthPS.hlsl">
      <Filter>Shaders\Killzone GBuffer\Default</Filter>
    </FxCompile>
    <FxCompile Include="Shaders\KillzoneGBufferDefaultDiffuseAlbedoPS.hlsl">
      <Filter>Shaders\Killzone GBuffer\Default</Filter>
    </FxCompile>
    <FxCompile Include="Shaders\KillzoneGBufferDefaultGlossPS.hlsl">
      <Filter>Shaders\Killzone GBuffer\Default</Filter>
    </FxCompile>
    <FxCompile Include="Shaders\KillzoneGBufferDefaultLightAccumulationPS.hlsl">
      <Filter>Shaders\Killzone GBuffer\Default</Filter>
    </FxCompile>
    <FxCompile Include="Shaders\KillzoneGBufferDefaultLightFPRPS.hlsl">
      <Filter>Shaders\Killzone GBuffer\Default</Filter>
    </FxCompile>
    <FxCompile Include="Shaders\KillzoneGBufferDefaultLightPS.hlsl">
      <Filter>Shaders\Killzone GBuffer\Default</Filter>
    </FxCompile>
    <FxCompile Include="Shaders\KillzoneGBufferDefaultLightDensityPS.hlsl">
      <Filter>Shaders\Killzone GBuffer\Default</Filter>
    </FxCompile>
    <FxCompile Include="Shaders\KillzoneGBufferDefaultMotionVectorPS.hlsl">
      <Filter>Shaders\Killzone GBuffer\Default</Filter>
    </FxCompile>
    <FxCompile Include="Shaders\KillzoneGBufferDefaultNormalPS.hlsl">
      <Filter>Shaders\Killzone GBuffer\Default</Filter>
    </FxCompile>
    <FxCompile Include="Shaders\KillzoneGBufferDefaultSpecularIntensityPS.hlsl">
      <Filter>Shaders\Killzone GBuffer\Default</Filter>
    </FxCompile>
    <FxCompile Include="Shaders\KillzoneGBufferDefaultSunOcclusionPS.hlsl">
      <Filter>Shaders\Killzone GBuffer\Default</Filter>
    </FxCompile>
    <FxCompile Include="Shaders\ModelViewerVS.hlsl">
      <Filter>Shaders\ModelViewer</Filter>
    </FxCompile>
    <FxCompile Include="Shaders\ThinGBufferTiledDiceCS_8.hlsl">
      <Filter>Shaders\Thin GBuffer\Tiled\DICE\Default</Filter>
    </FxCompile>
    <FxCompile Include="Shaders\ThinGBufferTiledDiceCS_16.hlsl">
      <Filter>Shaders\Thin GBuffer\Tiled\DICE\Default</Filter>
    </FxCompile>
    <FxCompile Include="Shaders\ThinGBufferTiledDiceCS_24.hlsl">
      <Filter>Shaders\Thin GBuffer\Tiled\DICE\Default</Filter>
    </FxCompile>
    <FxCompile Include="Shaders\ThinGBufferTiledDiceCS_32.hlsl">
      <Filter>Shaders\Thin GBuffer\Tiled\DICE\Default</Filter>
    </FxCompile>
    <FxCompile Include="Shaders\ThinGBufferTiledDiceDensityCS_8.hlsl">
      <Filter>Shaders\Thin GBuffer\Tiled\DICE\Default</Filter>
    </FxCompile>
    <FxCompile Include="Shaders\ThinGBufferTiledDiceDensityCS_16.hlsl">
      <Filter>Shaders\Thin GBuffer\Tiled\DICE\Default</Filter>
    </FxCompile>
    <FxCompile Include="Shaders\ThinGBufferTiledDiceDensityCS_24.hlsl">
      <Filter>Shaders\Thin GBuffer\Tiled\DICE\Default</Filter>
    </FxCompile>
    <FxCompile Include="Shaders\ThinGBufferTiledDiceDensityCS_32.hlsl">
      <Filter>Shaders\Thin GBuffer\Tiled\DICE\Default</Filter>
    </FxCompile>
    <FxCompile Include="Shaders\ThinGBufferTiledDiceFPRCS_8.hlsl">
      <Filter>Shaders\Thin GBuffer\Tiled\DICE\Default</Filter>
    </FxCompile>
    <FxCompile Include="Shaders\ThinGBufferTiledDiceFPRCS_16.hlsl">
      <Filter>Shaders\Thin GBuffer\Tiled\DICE\Default</Filter>
    </FxCompile>
    <FxCompile Include="Shaders\ThinGBufferTiledDiceFPRCS_24.hlsl">
      <Filter>Shaders\Thin GBuffer\Tiled\DICE\Default</Filter>
    </FxCompile>
    <FxCompile Include="Shaders\ThinGBufferTiledDiceFPRCS_32.hlsl">
      <Filter>Shaders\Thin GBuffer\Tiled\DICE\Default</Filter>
    </FxCompile>
    <FxCompile Include="Shaders\ThinGBufferTiledDice2_5DCullingCS_8.hlsl">
      <Filter>Shaders\Thin GBuffer\Tiled\DICE\2.5D Culling</Filter>
    </FxCompile>
    <FxCompile Include="Shaders\ThinGBufferTiledDice2_5DCullingCS_16.hlsl">
      <Filter>Shaders\Thin GBuffer\Tiled\DICE\2.5D Culling</Filter>
    </FxCompile>
    <FxCompile Include="Shaders\ThinGBufferTiledDice2_5DCullingCS_24.hlsl">
      <Filter>Shaders\Thin GBuffer\Tiled\DICE\2.5D Culling</Filter>
    </FxCompile>
    <FxCompile Include="Shaders\ThinGBufferTiledDice2_5DCullingCS_32.hlsl">
      <Filter>Shaders\Thin GBuffer\Tiled\DICE\2.5D Culling</Filter>
    </FxCompile>
    <FxCompile Include="Shaders\ThinGBufferTiledDice2_5DCullingDensityCS_8.hlsl">
      <Filter>Shaders\Thin GBuffer\Tiled\DICE\2.5D Culling</Filter>
    </FxCompile>
    <FxCompile Include="Shaders\ThinGBufferTiledDice2_5DCullingDensityCS_16.hlsl">
      <Filter>Shaders\Thin GBuffer\Tiled\DICE\2.5D Culling</Filter>
    </FxCompile>
    <FxCompile Include="Shaders\ThinGBufferTiledDice2_5DCullingDensityCS_24.hlsl">
      <Filter>Shaders\Thin GBuffer\Tiled\DICE\2.5D Culling</Filter>
    </FxCompile>
    <FxCompile Include="Shaders\ThinGBufferTiledDice2_5DCullingDensityCS_32.hlsl">
      <Filter>Shaders\Thin GBuffer\Tiled\DICE\2.5D Culling</Filter>
    </FxCompile>
    <FxCompile Include="Shaders\ThinGBufferTiledDice2_5DCullingFPRCS_8.hlsl">
      <Filter>Shaders\Thin GBuffer\Tiled\DICE\2.5D Culling</Filter>
    </FxCompile>
    <FxCompile Include="Shaders\ThinGBufferTiledDice2_5DCullingFPRCS_16.hlsl">
      <Filter>Shaders\Thin GBuffer\Tiled\DICE\2.5D Culling</Filter>
    </FxCompile>
    <FxCompile Include="Shaders\ThinGBufferTiledDice2_5DCullingFPRCS_24.hlsl">
      <Filter>Shaders\Thin GBuffer\Tiled\DICE\2.5D Culling</Filter>
    </FxCompile>
    <FxCompile Include="Shaders\ThinGBufferTiledDice2_5DCullingFPRCS_32.hlsl">
      <Filter>Shaders\Thin GBuffer\Tiled\DICE\2.5D Culling</Filter>
    </FxCompile>
    <FxCompile Include="Shaders\ThinGBufferTiledDice2_5DAABBCullingCS_8.hlsl">
      <Filter>Shaders\Thin GBuffer\Tiled\DICE\2.5D AABB Culling</Filter>
    </FxCompile>
    <FxCompile Include="Shaders\ThinGBufferTiledDice2_5DAABBCullingCS_16.hlsl">
      <Filter>Shaders\Thin GBuffer\Tiled\DICE\2.5D AABB Culling</Filter>
    </FxCompile>
    <FxCompile Include="Shaders\ThinGBufferTiledDice2_5DAABBCullingCS_24.hlsl">
      <Filter>Shaders\Thin GBuffer\Tiled\DICE\2.5D AABB Culling</Filter>
    </FxCompile>
    <FxCompile Include="Shaders\ThinGBufferTiledDice2_5DAABBCullingCS_32.hlsl">
      <Filter>Shaders\Thin GBuffer\Tiled\DICE\2.5D AABB Culling</Filter>
    </FxCompile>
    <FxCompile Include="Shaders\ThinGBufferTiledDice2_5DAABBCullingDensityCS_8.hlsl">
      <Filter>Shaders\Thin GBuffer\Tiled\DICE\2.5D AABB Culling</Filter>
    </FxCompile>
    <FxCompile Include="Shaders\ThinGBufferTiledDice2_5DAABBCullingDensityCS_16.hlsl">
      <Filter>Shaders\Thin GBuffer\Tiled\DICE\2.5D AABB Culling</Filter>
    </FxCompile>
    <FxCompile Include="Shaders\ThinGBufferTiledDice2_5DAABBCullingDensityCS_24.hlsl">
      <Filter>Shaders\Thin GBuffer\Tiled\DICE\2.5D AABB Culling</Filter>
    </FxCompile>
    <FxCompile Include="Shaders\ThinGBufferTiledDice2_5DAABBCullingDensityCS_32.hlsl">
      <Filter>Shaders\Thin GBuffer\Tiled\DICE\2.5D AABB Culling</Filter>
    </FxCompile>
    <FxCompile Include="Shaders\ThinGBufferTiledDice2_5DAABBCullingFPRCS_8.hlsl">
      <Filter>Shaders\Thin GBuffer\Tiled\DICE\2.5D AABB Culling</Filter>
    </FxCompile>
    <FxCompile Include="Shaders\ThinGBufferTiledDice2_5DAABBCullingFPRCS_16.hlsl">
      <Filter>Shaders\Thin GBuffer\Tiled\DICE\2.5D AABB Culling</Filter>
    </FxCompile>
    <FxCompile Include="Shaders\ThinGBufferTiledDice2_5DAABBCullingFPRCS_24.hlsl">
      <Filter>Shaders\Thin GBuffer\Tiled\DICE\2.5D AABB Culling</Filter>
    </FxCompile>
    <FxCompile Include="Shaders\ThinGBufferTiledDice2_5DAABBCullingFPRCS_32.hlsl">
      <Filter>Shaders\Thin GBuffer\Tiled\DICE\2.5D AABB Culling</Filter>
    </FxCompile>
    <FxCompile Include="Shaders\ThinGBufferTiledIntelCS_8.hlsl">
      <Filter>Shaders\Thin GBuffer\Tiled\Intel</Filter>
    </FxCompile>
    <FxCompile Include="Shaders\ThinGBufferTiledIntelCS_16.hlsl">
      <Filter>Shaders\Thin GBuffer\Tiled\Intel</Filter>
    </FxCompile>
    <FxCompile Include="Shaders\ThinGBufferTiledIntelCS_24.hlsl">
      <Filter>Shaders\Thin GBuffer\Tiled\Intel</Filter>
    </FxCompile>
    <FxCompile Include="Shaders\ThinGBufferTiledIntelCS_32.hlsl">
      <Filter>Shaders\Thin GBuffer\Tiled\Intel</Filter>
    </FxCompile>
    <FxCompile Include="Shaders\ThinGBufferTiledIntelDensityCS_8.hlsl">
      <Filter>Shaders\Thin GBuffer\Tiled\Intel</Filter>
    </FxCompile>
    <FxCompile Include="Shaders\ThinGBufferTiledIntelDensityCS_16.hlsl">
      <Filter>Shaders\Thin GBuffer\Tiled\Intel</Filter>
    </FxCompile>
    <FxCompile Include="Shaders\ThinGBufferTiledIntelDensityCS_24.hlsl">
      <Filter>Shaders\Thin GBuffer\Tiled\Intel</Filter>
    </FxCompile>
    <FxCompile Include="Shaders\ThinGBufferTiledIntelDensityCS_32.hlsl">
      <Filter>Shaders\Thin GBuffer\Tiled\Intel</Filter>
    </FxCompile>
    <FxCompile Include="Shaders\ThinGBufferTiledIntelFPRCS_8.hlsl">
      <Filter>Shaders\Thin GBuffer\Tiled\Intel</Filter>
    </FxCompile>
    <FxCompile Include="Shaders\ThinGBufferTiledIntelFPRCS_16.hlsl">
      <Filter>Shaders\Thin GBuffer\Tiled\Intel</Filter>
    </FxCompile>
    <FxCompile Include="Shaders\ThinGBufferTiledIntelFPRCS_24.hlsl">
      <Filter>Shaders\Thin GBuffer\Tiled\Intel</Filter>
    </FxCompile>
    <FxCompile Include="Shaders\ThinGBufferTiledIntelFPRCS_32.hlsl">
      <Filter>Shaders\Thin GBuffer\Tiled\Intel</Filter>
    </FxCompile>
    <FxCompile Include="Shaders\ThinGBufferDeferredPS.hlsl">
      <Filter>Shaders\Thin GBuffer</Filter>
    </FxCompile>
    <FxCompile Include="Shaders\ThinGBufferDefaultDensityPS.hlsl">
      <Filter>Shaders\Thin GBuffer\Default</Filter>
    </FxCompile>
    <FxCompile Include="Shaders\ThinGBufferDefaultDepthPS.hlsl">
      <Filter>Shaders\Thin GBuffer\Default</Filter>
    </FxCompile>
    <FxCompile Include="Shaders\ThinGBufferDefaultDiffuseAlbedoPS.hlsl">
      <Filter>Shaders\Thin GBuffer\Default</Filter>
    </FxCompile>
    <FxCompile Include="Shaders\ThinGBufferDefaultFPRPS.hlsl">
      <Filter>Shaders\Thin GBuffer\Default</Filter>
    </FxCompile>
    <FxCompile Include="Shaders\ThinGBufferDefaultGlossPS.hlsl">
      <Filter>Shaders\Thin GBuffer\Default</Filter>
    </FxCompile>
    <FxCompile Include="Shaders\ThinGBufferDefaultLightAccumulationPS.hlsl">
      <Filter>Shaders\Thin GBuffer\Default</Filter>
    </FxCompile>
    <FxCompile Include="Shaders\ThinGBufferDefaultNormalPS.hlsl">
      <Filter>Shaders\Thin GBuffer\Default</Filter>
    </FxCompile>
    <FxCompile Include="Shaders\ThinGBufferDefaultPS.hlsl">
      <Filter>Shaders\Thin GBuffer\Default</Filter>
    </FxCompile>
    <FxCompile Include="Shaders\ThinGBufferDefaultSpecularIntensityPS.hlsl">
      <Filter>Shaders\Thin GBuffer\Default</Filter>
    </FxCompile>
    <FxCompile Include="Shaders\ThinGBufferClusteredDensityPS.hlsl">
      <Filter>Shaders\Thin GBuffer\Clustered</Filter>
    </FxCompile>
    <FxCompile Include="Shaders\ThinGBufferClusteredDepthPS.hlsl">
      <Filter>Shaders\Thin GBuffer\Clustered</Filter>
    </FxCompile>
    <FxCompile Include="Shaders\ThinGBufferClusteredDiffuseAlbedoPS.hlsl">
      <Filter>Shaders\Thin GBuffer\Clustered</Filter>
    </FxCompile>
    <FxCompile Include="Shaders\ThinGBufferClusteredFPRPS.hlsl">
      <Filter>Shaders\Thin GBuffer\Clustered</Filter>
    </FxCompile>
    <FxCompile Include="Shaders\ThinGBufferClusteredGlossPS.hlsl">
      <Filter>Shaders\Thin GBuffer\Clustered</Filter>
    </FxCompile>
    <FxCompile Include="Shaders\ThinGBufferClusteredLightAccumulationPS.hlsl">
      <Filter>Shaders\Thin GBuffer\Clustered</Filter>
    </FxCompile>
    <FxCompile Include="Shaders\ThinGBufferClusteredNormalPS.hlsl">
      <Filter>Shaders\Thin GBuffer\Clustered</Filter>
    </FxCompile>
    <FxCompile Include="Shaders\ThinGBufferClusteredPS.hlsl">
      <Filter>Shaders\Thin GBuffer\Clustered</Filter>
    </FxCompile>
    <FxCompile Include="Shaders\ThinGBufferClusteredSpecularIntensityPS.hlsl">
      <Filter>Shaders\Thin GBuffer\Clustered</Filter>
    </FxCompile>
    <FxCompile Include="Shaders\ThinGBufferTiledDensityPS.hlsl">
      <Filter>Shaders\Thin GBuffer\Tiled\Default</Filter>
    </FxCompile>
    <FxCompile Include="Shaders\ThinGBufferTiledDepthPS.hlsl">
      <Filter>Shaders\Thin GBuffer\Tiled\Default</Filter>
    </FxCompile>
    <FxCompile Include="Shaders\ThinGBufferTiledDiffuseAlbedoPS.hlsl">
      <Filter>Shaders\Thin GBuffer\Tiled\Default</Filter>
    </FxCompile>
    <FxCompile Include="Shaders\ThinGBufferTiledFPRPS.hlsl">
      <Filter>Shaders\Thin GBuffer\Tiled\Default</Filter>
    </FxCompile>
    <FxCompile Include="Shaders\ThinGBufferTiledGlossPS.hlsl">
      <Filter>Shaders\Thin GBuffer\Tiled\Default</Filter>
    </FxCompile>
    <FxCompile Include="Shaders\ThinGBufferTiledLightAccumulationPS.hlsl">
      <Filter>Shaders\Thin GBuffer\Tiled\Default</Filter>
    </FxCompile>
    <FxCompile Include="Shaders\ThinGBufferTiledNormalPS.hlsl">
      <Filter>Shaders\Thin GBuffer\Tiled\Default</Filter>
    </FxCompile>
    <FxCompile Include="Shaders\ThinGBufferTiledPS.hlsl">
      <Filter>Shaders\Thin GBuffer\Tiled\Default</Filter>
    </FxCompile>
    <FxCompile Include="Shaders\ThinGBufferTiledSpecularIntensityPS.hlsl">
      <Filter>Shaders\Thin GBuffer\Tiled\Default</Filter>
    </FxCompile>
    <FxCompile Include="Shaders\ThinGBufferVS.hlsl">
      <Filter>Shaders\Thin GBuffer</Filter>
    </FxCompile>
  </ItemGroup>
</Project>